
Microsoft Visual Studio Solution File, Format Version 12.00
# Visual Studio Version 16
VisualStudioVersion = 16.0.34729.46
MinimumVisualStudioVersion = 10.0.40219.1
Project("{8BC9CEB8-8B4A-11D0-8D11-00A0C91BC942}") = "RhythmGame5", "RhythmGame5\RhythmGame5.vcxproj", "{8EDFF8E0-DA9A-4173-A7E0-7092B4E6AB8F}"
EndProject
Global
	GlobalSection(SolutionConfigurationPlatforms) = preSolution
		Debug|x64 = Debug|x64
		Debug|x86 = Debug|x86
		Release|x64 = Release|x64
		Release|x86 = Release|x86
	EndGlobalSection
	GlobalSection(ProjectConfigurationPlatforms) = postSolution
		{8EDFF8E0-DA9A-4173-A7E0-7092B4E6AB8F}.Debug|x64.ActiveCfg = Debug|x64
		{8EDFF8E0-DA9A-4173-A7E0-7092B4E6AB8F}.Debug|x64.Build.0 = Debug|x64
		{8EDFF8E0-DA9A-4173-A7E0-7092B4E6AB8F}.Debug|x86.ActiveCfg = Debug|Win32
		{8EDFF8E0-DA9A-4173-A7E0-7092B4E6AB8F}.Debug|x86.Build.0 = Debug|Win32
		{8EDFF8E0-DA9A-4173-A7E0-7092B4E6AB8F}.Release|x64.ActiveCfg = Release|x64
		{8EDFF8E0-DA9A-4173-A7E0-7092B4E6AB8F}.Release|x64.Build.0 = Release|x64
		{8EDFF8E0-DA9A-4173-A7E0-7092B4E6AB8F}.Release|x86.ActiveCfg = Release|Win32
		{8EDFF8E0-DA9A-4173-A7E0-7092B4E6AB8F}.Release|x86.Build.0 = Release|Win32
	EndGlobalSection
	GlobalSection(SolutionProperties) = preSolution
		HideSolutionNode = FALSE
	EndGlobalSection
	GlobalSection(ExtensibilityGlobals) = postSolution
		SolutionGuid = {5542D71E-031F-48EB-BD74-229103C3DC81}
	EndGlobalSection
EndGlobal
